
Microsoft Visual Studio Solution File, Format Version 12.00
# Visual Studio Version 17
VisualStudioVersion = 17.8.34525.116
MinimumVisualStudioVersion = 10.0.40219.1
Project("{8BC9CEB8-8B4A-11D0-8D11-00A0C91BC942}") = "FuturoLibrary", "FuturoLibrary\FuturoLibrary.vcxproj", "{49E20F4F-1C60-46A5-B2ED-7BAED92129F3}"
EndProject
Project("{8BC9CEB8-8B4A-11D0-8D11-00A0C91BC942}") = "FuturoCliente", "FuturoCliente\FuturoCliente.vcxproj", "{F0C0B7FC-F7CB-4D8E-B2A8-822A5E599F6C}"
EndProject
Global
	GlobalSection(SolutionConfigurationPlatforms) = preSolution
		Debug|x64 = Debug|x64
		Debug|x86 = Debug|x86
		Release|x64 = Release|x64
		Release|x86 = Release|x86
	EndGlobalSection
	GlobalSection(ProjectConfigurationPlatforms) = postSolution
		{49E20F4F-1C60-46A5-B2ED-7BAED92129F3}.Debug|x64.ActiveCfg = Debug|x64
		{49E20F4F-1C60-46A5-B2ED-7BAED92129F3}.Debug|x64.Build.0 = Debug|x64
		{49E20F4F-1C60-46A5-B2ED-7BAED92129F3}.Debug|x86.ActiveCfg = Debug|Win32
		{49E20F4F-1C60-46A5-B2ED-7BAED92129F3}.Debug|x86.Build.0 = Debug|Win32
		{49E20F4F-1C60-46A5-B2ED-7BAED92129F3}.Release|x64.ActiveCfg = Release|x64
		{49E20F4F-1C60-46A5-B2ED-7BAED92129F3}.Release|x64.Build.0 = Release|x64
		{49E20F4F-1C60-46A5-B2ED-7BAED92129F3}.Release|x86.ActiveCfg = Release|Win32
		{49E20F4F-1C60-46A5-B2ED-7BAED92129F3}.Release|x86.Build.0 = Release|Win32
		{F0C0B7FC-F7CB-4D8E-B2A8-822A5E599F6C}.Debug|x64.ActiveCfg = Debug|x64
		{F0C0B7FC-F7CB-4D8E-B2A8-822A5E599F6C}.Debug|x64.Build.0 = Debug|x64
		{F0C0B7FC-F7CB-4D8E-B2A8-822A5E599F6C}.Debug|x86.ActiveCfg = Debug|Win32
		{F0C0B7FC-F7CB-4D8E-B2A8-822A5E599F6C}.Debug|x86.Build.0 = Debug|Win32
		{F0C0B7FC-F7CB-4D8E-B2A8-822A5E599F6C}.Release|x64.ActiveCfg = Release|x64
		{F0C0B7FC-F7CB-4D8E-B2A8-822A5E599F6C}.Release|x64.Build.0 = Release|x64
		{F0C0B7FC-F7CB-4D8E-B2A8-822A5E599F6C}.Release|x86.ActiveCfg = Release|Win32
		{F0C0B7FC-F7CB-4D8E-B2A8-822A5E599F6C}.Release|x86.Build.0 = Release|Win32
	EndGlobalSection
	GlobalSection(SolutionProperties) = preSolution
		HideSolutionNode = FALSE
	EndGlobalSection
	GlobalSection(ExtensibilityGlobals) = postSolution
		SolutionGuid = {57F2CD5B-A710-4534-90B4-C84711F7AC6B}
	EndGlobalSection
EndGlobal
